
Microsoft Visual Studio Solution File, Format Version 12.00
# Visual Studio Version 17
VisualStudioVersion = 17.4.33205.214
MinimumVisualStudioVersion = 10.0.40219.1
Project("{FAE04EC0-301F-11D3-BF4B-00C04F79EFBC}") = "markojudas-music", "markojudas-music.csproj", "{F06667F9-75CA-4E33-8BB6-D557129DDAD8}"
EndProject
Global
	GlobalSection(SolutionConfigurationPlatforms) = preSolution
		Debug|Any CPU = Debug|Any CPU
		Release|Any CPU = Release|Any CPU
	EndGlobalSection
	GlobalSection(ProjectConfigurationPlatforms) = postSolution
		{F06667F9-75CA-4E33-8BB6-D557129DDAD8}.Debug|Any CPU.ActiveCfg = Debug|Any CPU
		{F06667F9-75CA-4E33-8BB6-D557129DDAD8}.Debug|Any CPU.Build.0 = Debug|Any CPU
		{F06667F9-75CA-4E33-8BB6-D557129DDAD8}.Release|Any CPU.ActiveCfg = Release|Any CPU
		{F06667F9-75CA-4E33-8BB6-D557129DDAD8}.Release|Any CPU.Build.0 = Release|Any CPU
	EndGlobalSection
	GlobalSection(SolutionProperties) = preSolution
		HideSolutionNode = FALSE
	EndGlobalSection
	GlobalSection(ExtensibilityGlobals) = postSolution
		SolutionGuid = {605DD92E-C5FE-4066-A7FC-B86D3B16C6A4}
	EndGlobalSection
EndGlobal
